
Microsoft Visual Studio Solution File, Format Version 12.00
# Visual Studio 14
VisualStudioVersion = 14.0.23107.0
MinimumVisualStudioVersion = 10.0.40219.1
Project("{FAE04EC0-301F-11D3-BF4B-00C04F79EFBC}") = "Agar.io Client", "Agar.io Client\Agar.io Client.csproj", "{55D9428B-74E7-4464-95D6-29FA029F0E37}"
EndProject
Project("{FAE04EC0-301F-11D3-BF4B-00C04F79EFBC}") = "DeltaEpsilon", "..\DeltaEpsilon\DeltaEpsilon\DeltaEpsilon.csproj", "{FC53D63E-F562-4001-8E49-0FA03E5EBBBB}"
EndProject
Global
	GlobalSection(SolutionConfigurationPlatforms) = preSolution
		Debug|Any CPU = Debug|Any CPU
		Release|Any CPU = Release|Any CPU
	EndGlobalSection
	GlobalSection(ProjectConfigurationPlatforms) = postSolution
		{55D9428B-74E7-4464-95D6-29FA029F0E37}.Debug|Any CPU.ActiveCfg = Debug|Any CPU
		{55D9428B-74E7-4464-95D6-29FA029F0E37}.Debug|Any CPU.Build.0 = Debug|Any CPU
		{55D9428B-74E7-4464-95D6-29FA029F0E37}.Release|Any CPU.ActiveCfg = Release|Any CPU
		{55D9428B-74E7-4464-95D6-29FA029F0E37}.Release|Any CPU.Build.0 = Release|Any CPU
		{FC53D63E-F562-4001-8E49-0FA03E5EBBBB}.Debug|Any CPU.ActiveCfg = Debug|Any CPU
		{FC53D63E-F562-4001-8E49-0FA03E5EBBBB}.Debug|Any CPU.Build.0 = Debug|Any CPU
		{FC53D63E-F562-4001-8E49-0FA03E5EBBBB}.Release|Any CPU.ActiveCfg = Release|Any CPU
		{FC53D63E-F562-4001-8E49-0FA03E5EBBBB}.Release|Any CPU.Build.0 = Release|Any CPU
	EndGlobalSection
	GlobalSection(SolutionProperties) = preSolution
		HideSolutionNode = FALSE
	EndGlobalSection
EndGlobal
